
Microsoft Visual Studio Solution File, Format Version 12.00
# Visual Studio 15
VisualStudioVersion = 15.0.27130.2036
MinimumVisualStudioVersion = 10.0.40219.1
Project("{FAE04EC0-301F-11D3-BF4B-00C04F79EFBC}") = "LinkManager", "LinkManager\LinkManager.csproj", "{1A1B3AA8-ED55-453B-8E6D-D33830750FD0}"
EndProject
Global
	GlobalSection(SolutionConfigurationPlatforms) = preSolution
		Debug|Any CPU = Debug|Any CPU
		Debug|x86 = Debug|x86
		Release|Any CPU = Release|Any CPU
		Release|x86 = Release|x86
	EndGlobalSection
	GlobalSection(ProjectConfigurationPlatforms) = postSolution
		{1A1B3AA8-ED55-453B-8E6D-D33830750FD0}.Debug|Any CPU.ActiveCfg = Debug|Any CPU
		{1A1B3AA8-ED55-453B-8E6D-D33830750FD0}.Debug|Any CPU.Build.0 = Debug|Any CPU
		{1A1B3AA8-ED55-453B-8E6D-D33830750FD0}.Debug|x86.ActiveCfg = Debug|x86
		{1A1B3AA8-ED55-453B-8E6D-D33830750FD0}.Debug|x86.Build.0 = Debug|x86
		{1A1B3AA8-ED55-453B-8E6D-D33830750FD0}.Release|Any CPU.ActiveCfg = Release|Any CPU
		{1A1B3AA8-ED55-453B-8E6D-D33830750FD0}.Release|Any CPU.Build.0 = Release|Any CPU
		{1A1B3AA8-ED55-453B-8E6D-D33830750FD0}.Release|x86.ActiveCfg = Release|x86
		{1A1B3AA8-ED55-453B-8E6D-D33830750FD0}.Release|x86.Build.0 = Release|x86
	EndGlobalSection
	GlobalSection(SolutionProperties) = preSolution
		HideSolutionNode = FALSE
	EndGlobalSection
	GlobalSection(ExtensibilityGlobals) = postSolution
		SolutionGuid = {721C069F-6D19-428F-B132-594A92D9F563}
	EndGlobalSection
EndGlobal
